// !$*UTF8*$!
{
	archiveVersion = 1;
	classes = {
	};
	objectVersion = 46;
	objects = {

/* Begin PBXBuildFile section */
		1EE7F12B1D32F811007E6BBD /* nbt.c in Sources */ = {isa = PBXBuildFile; fileRef = 1EE7F1291D32F811007E6BBD /* nbt.c */; };
		1EE7F12C1D32F811007E6BBD /* nbt.h in Headers */ = {isa = PBXBuildFile; fileRef = 1EE7F12A1D32F811007E6BBD /* nbt.h */; };
/* End PBXBuildFile section */

/* Begin PBXFileReference section */
		1EE7F1211D32F783007E6BBD /* libnbt.a */ = {isa = PBXFileReference; explicitFileType = archive.ar; includeInIndex = 0; path = libnbt.a; sourceTree = BUILT_PRODUCTS_DIR; };
		1EE7F1291D32F811007E6BBD /* nbt.c */ = {isa = PBXFileReference; fileEncoding = 4; lastKnownFileType = sourcecode.c.c; path = nbt.c; sourceTree = "<group>"; };
		1EE7F12A1D32F811007E6BBD /* nbt.h */ = {isa = PBXFileReference; fileEncoding = 4; lastKnownFileType = sourcecode.c.h; path = nbt.h; sourceTree = "<group>"; };
/* End PBXFileReference section */

/* Begin PBXFrameworksBuildPhase section */
		1EE7F11E1D32F783007E6BBD /* Frameworks */ = {
			isa = PBXFrameworksBuildPhase;
			buildActionMask = 2147483647;
			files = (
			);
			runOnlyForDeploymentPostprocessing = 0;
		};
/* End PBXFrameworksBuildPhase section */

/* Begin PBXGroup section */
		1EE7F1181D32F783007E6BBD = {
			isa = PBXGroup;
			children = (
				1EE7F1281D32F7DB007E6BBD /* nbt */,
				1EE7F1221D32F783007E6BBD /* Products */,
			);
			sourceTree = "<group>";
		};
		1EE7F1221D32F783007E6BBD /* Products */ = {
			isa = PBXGroup;
			children = (
				1EE7F1211D32F783007E6BBD /* libnbt.a */,
			);
			name = Products;
			sourceTree = "<group>";
		};
		1EE7F1281D32F7DB007E6BBD /* nbt */ = {
			isa = PBXGroup;
			children = (
				1EE7F12A1D32F811007E6BBD /* nbt.h */,
				1EE7F1291D32F811007E6BBD /* nbt.c */,
			);
			path = nbt;
			sourceTree = "<group>";
		};
/* End PBXGroup section */

/* Begin PBXHeadersBuildPhase section */
		1EE7F11F1D32F783007E6BBD /* Headers */ = {
			isa = PBXHeadersBuildPhase;
			buildActionMask = 2147483647;
			files = (
				1EE7F12C1D32F811007E6BBD /* nbt.h in Headers */,
			);
			runOnlyForDeploymentPostprocessing = 0;
		};
/* End PBXHeadersBuildPhase section */

/* Begin PBXNativeTarget section */
		1EE7F1201D32F783007E6BBD /* nbt */ = {
			isa = PBXNativeTarget;
			buildConfigurationList = 1EE7F1251D32F783007E6BBD /* Build configuration list for PBXNativeTarget "nbt" */;
			buildPhases = (
				1EE7F11D1D32F783007E6BBD /* Sources */,
				1EE7F11E1D32F783007E6BBD /* Frameworks */,
				1EE7F11F1D32F783007E6BBD /* Headers */,
			);
			buildRules = (
			);
			dependencies = (
			);
			name = nbt;
			productName = nbt;
			productReference = 1EE7F1211D32F783007E6BBD /* libnbt.a */;
			productType = "com.apple.product-type.library.static";
		};
/* End PBXNativeTarget section */

/* Begin PBXProject section */
		1EE7F1191D32F783007E6BBD /* Project object */ = {
			isa = PBXProject;
			attributes = {
				LastUpgradeCheck = 0800;
				ORGANIZATIONNAME = ZCodeMT;
				TargetAttributes = {
					1EE7F1201D32F783007E6BBD = {
						CreatedOnToolsVersion = 8.0;
						DevelopmentTeam = 699SNF33Y8;
						DevelopmentTeamName = "Silas Schwarz (Personal Team)";
						ProvisioningStyle = Automatic;
					};
				};
			};
			buildConfigurationList = 1EE7F11C1D32F783007E6BBD /* Build configuration list for PBXProject "nbt" */;
			compatibilityVersion = "Xcode 3.2";
			developmentRegion = English;
			hasScannedForEncodings = 0;
			knownRegions = (
				en,
			);
			mainGroup = 1EE7F1181D32F783007E6BBD;
			productRefGroup = 1EE7F1221D32F783007E6BBD /* Products */;
			projectDirPath = "";
			projectRoot = "";
			targets = (
				1EE7F1201D32F783007E6BBD /* nbt */,
			);
		};
/* End PBXProject section */

/* Begin PBXSourcesBuildPhase section */
		1EE7F11D1D32F783007E6BBD /* Sources */ = {
			isa = PBXSourcesBuildPhase;
			buildActionMask = 2147483647;
			files = (
				1EE7F12B1D32F811007E6BBD /* nbt.c in Sources */,
			);
			runOnlyForDeploymentPostprocessing = 0;
		};
/* End PBXSourcesBuildPhase section */

/* Begin XCBuildConfiguration section */
		1EE7F1231D32F783007E6BBD /* Debug */ = {
			isa = XCBuildConfiguration;
			buildSettings = {
				ALWAYS_SEARCH_USER_PATHS = NO;
				CLANG_ANALYZER_NONNULL = YES;
				CLANG_CXX_LANGUAGE_STANDARD = "gnu++0x";
				CLANG_CXX_LIBRARY = "libc++";
				CLANG_ENABLE_MODULES = YES;
				CLANG_ENABLE_OBJC_ARC = YES;
				CLANG_WARN_BOOL_CONVERSION = YES;
				CLANG_WARN_CONSTANT_CONVERSION = YES;
				CLANG_WARN_DIRECT_OBJC_ISA_USAGE = YES_ERROR;
				CLANG_WARN_DOCUMENTATION_COMMENTS = YES;
				CLANG_WARN_EMPTY_BODY = YES;
				CLANG_WARN_ENUM_CONVERSION = YES;
				CLANG_WARN_INT_CONVERSION = YES;
				CLANG_WARN_OBJC_ROOT_CLASS = YES_ERROR;
				CLANG_WARN_UNREACHABLE_CODE = YES;
				CLANG_WARN__DUPLICATE_METHOD_MATCH = YES;
				CODE_SIGN_IDENTITY = "-";
				COPY_PHASE_STRIP = NO;
				DEBUG_INFORMATION_FORMAT = dwarf;
				ENABLE_STRICT_OBJC_MSGSEND = YES;
				ENABLE_TESTABILITY = YES;
				GCC_C_LANGUAGE_STANDARD = gnu99;
				GCC_DYNAMIC_NO_PIC = NO;
				GCC_NO_COMMON_BLOCKS = YES;
				GCC_OPTIMIZATION_LEVEL = 0;
				GCC_PREPROCESSOR_DEFINITIONS = (
					"DEBUG=1",
					"$(inherited)",
				);
				GCC_WARN_64_TO_32_BIT_CONVERSION = YES;
				GCC_WARN_ABOUT_RETURN_TYPE = YES_ERROR;
				GCC_WARN_UNDECLARED_SELECTOR = YES;
				GCC_WARN_UNINITIALIZED_AUTOS = YES_AGGRESSIVE;
				GCC_WARN_UNUSED_FUNCTION = YES;
				GCC_WARN_UNUSED_VARIABLE = YES;
				MACOSX_DEPLOYMENT_TARGET = 10.12;
				MTL_ENABLE_DEBUG_INFO = YES;
				ONLY_ACTIVE_ARCH = YES;
				SDKROOT = macosx;
			};
			name = Debug;
		};
		1EE7F1241D32F783007E6BBD /* Release */ = {
			isa = XCBuildConfiguration;
			buildSettings = {
				ALWAYS_SEARCH_USER_PATHS = NO;
				CLANG_ANALYZER_NONNULL = YES;
				CLANG_CXX_LANGUAGE_STANDARD = "gnu++0x";
				CLANG_CXX_LIBRARY = "libc++";
				CLANG_ENABLE_MODULES = YES;
				CLANG_ENABLE_OBJC_ARC = YES;
				CLANG_WARN_BOOL_CONVERSION = YES;
				CLANG_WARN_CONSTANT_CONVERSION = YES;
				CLANG_WARN_DIRECT_OBJC_ISA_USAGE = YES_ERROR;
				CLANG_WARN_DOCUMENTATION_COMMENTS = YES;
				CLANG_WARN_EMPTY_BODY = YES;
				CLANG_WARN_ENUM_CONVERSION = YES;
				CLANG_WARN_INT_CONVERSION = YES;
				CLANG_WARN_OBJC_ROOT_CLASS = YES_ERROR;
				CLANG_WARN_UNREACHABLE_CODE = YES;
				CLANG_WARN__DUPLICATE_METHOD_MATCH = YES;
				CODE_SIGN_IDENTITY = "-";
				COPY_PHASE_STRIP = NO;
				DEBUG_INFORMATION_FORMAT = "dwarf-with-dsym";
				ENABLE_NS_ASSERTIONS = NO;
				ENABLE_STRICT_OBJC_MSGSEND = YES;
				GCC_C_LANGUAGE_STANDARD = gnu99;
				GCC_NO_COMMON_BLOCKS = YES;
				GCC_WARN_64_TO_32_BIT_CONVERSION = YES;
				GCC_WARN_ABOUT_RETURN_TYPE = YES_ERROR;
				GCC_WARN_UNDECLARED_SELECTOR = YES;
				GCC_WARN_UNINITIALIZED_AUTOS = YES_AGGRESSIVE;
				GCC_WARN_UNUSED_FUNCTION = YES;
				GCC_WARN_UNUSED_VARIABLE = YES;
				MACOSX_DEPLOYMENT_TARGET = 10.12;
				MTL_ENABLE_DEBUG_INFO = NO;
				SDKROOT = macosx;
			};
			name = Release;
		};
		1EE7F1261D32F783007E6BBD /* Debug */ = {
			isa = XCBuildConfiguration;
			buildSettings = {
				EXECUTABLE_PREFIX = lib;
				PRODUCT_NAME = "$(TARGET_NAME)";
			};
			name = Debug;
		};
		1EE7F1271D32F783007E6BBD /* Release */ = {
			isa = XCBuildConfiguration;
			buildSettings = {
				EXECUTABLE_PREFIX = lib;
				PRODUCT_NAME = "$(TARGET_NAME)";
			};
			name = Release;
		};
/* End XCBuildConfiguration section */

/* Begin XCConfigurationList section */
		1EE7F11C1D32F783007E6BBD /* Build configuration list for PBXProject "nbt" */ = {
			isa = XCConfigurationList;
			buildConfigurations = (
				1EE7F1231D32F783007E6BBD /* Debug */,
				1EE7F1241D32F783007E6BBD /* Release */,
			);
			defaultConfigurationIsVisible = 0;
			defaultConfigurationName = Release;
		};
		1EE7F1251D32F783007E6BBD /* Build configuration list for PBXNativeTarget "nbt" */ = {
			isa = XCConfigurationList;
			buildConfigurations = (
				1EE7F1261D32F783007E6BBD /* Debug */,
				1EE7F1271D32F783007E6BBD /* Release */,
			);
			defaultConfigurationIsVisible = 0;
		};
/* End XCConfigurationList section */
	};
	rootObject = 1EE7F1191D32F783007E6BBD /* Project object */;
}
